{
  "lockfileVersion": 1,
  "configVersion": 1,
  "workspaces": {
    "": {
      "name": "shadow-cfo",
      "dependencies": {
        "@supabase/supabase-js": "^2.47.0",
        "next": "15.1.0",
        "react": "^19.0.0",
        "react-dom": "^19.0.0",
        "uuid": "^13.0.0",
      },
      "devDependencies": {
        "@types/bun": "latest",
        "@types/node": "^22.0.0",
        "@types/react": "^19.0.0",
        "@types/react-dom": "^19.0.0",
        "typescript": "^6.0.2",
      },
    },
  },
  "packages": {
    "@emnapi/runtime": ["@emnapi/runtime@1.9.2", "", { "dependencies": { "tslib": "^2.4.0" } }, "sha512-3U4+MIWHImeyu1wnmVygh5WlgfYDtyf0k8AbLhMFxOipihf6nrWC4syIm/SwEeec0mNSafiiNnMJwbza/Is6Lw=="],

    "@img/sharp-darwin-arm64": ["@img/sharp-darwin-arm64@0.33.5", "", { "optionalDependencies": { "@img/sharp-libvips-darwin-arm64": "1.0.4" }, "os": "darwin", "cpu": "arm64" }, "sha512-UT4p+iz/2H4twwAoLCqfA9UH5pI6DggwKEGuaPy7nCVQ8ZsiY5PIcrRvD1DzuY3qYL07NtIQcWnBSY/heikIFQ=="],

    "@img/sharp-darwin-x64": ["@img/sharp-darwin-x64@0.33.5", "", { "optionalDependencies": { "@img/sharp-libvips-darwin-x64": "1.0.4" }, "os": "darwin", "cpu": "x64" }, "sha512-fyHac4jIc1ANYGRDxtiqelIbdWkIuQaI84Mv45KvGRRxSAa7o7d1ZKAOBaYbnepLC1WqxfpimdeWfvqqSGwR2Q=="],

    "@img/sharp-libvips-darwin-arm64": ["@img/sharp-libvips-darwin-arm64@1.0.4", "", { "os": "darwin", "cpu": "arm64" }, "sha512-XblONe153h0O2zuFfTAbQYAX2JhYmDHeWikp1LM9Hul9gVPjFY427k6dFEcOL72O01QxQsWi761svJ/ev9xEDg=="],

    "@img/sharp-libvips-darwin-x64": ["@img/sharp-libvips-darwin-x64@1.0.4", "", { "os": "darwin", "cpu": "x64" }, "sha512-xnGR8YuZYfJGmWPvmlunFaWJsb9T/AO2ykoP3Fz/0X5XV2aoYBPkX6xqCQvUTKKiLddarLaxpzNe+b1hjeWHAQ=="],

    "@img/sharp-libvips-linux-arm": ["@img/sharp-libvips-linux-arm@1.0.5", "", { "os": "linux", "cpu": "arm" }, "sha512-gvcC4ACAOPRNATg/ov8/MnbxFDJqf/pDePbBnuBDcjsI8PssmjoKMAz4LtLaVi+OnSb5FK/yIOamqDwGmXW32g=="],

    "@img/sharp-libvips-linux-arm64": ["@img/sharp-libvips-linux-arm64@1.0.4", "", { "os": "linux", "cpu": "arm64" }, "sha512-9B+taZ8DlyyqzZQnoeIvDVR/2F4EbMepXMc/NdVbkzsJbzkUjhXv/70GQJ7tdLA4YJgNP25zukcxpX2/SueNrA=="],

    "@img/sharp-libvips-linux-s390x": ["@img/sharp-libvips-linux-s390x@1.0.4", "", { "os": "linux", "cpu": "s390x" }, "sha512-u7Wz6ntiSSgGSGcjZ55im6uvTrOxSIS8/dgoVMoiGE9I6JAfU50yH5BoDlYA1tcuGS7g/QNtetJnxA6QEsCVTA=="],

    "@img/sharp-libvips-linux-x64": ["@img/sharp-libvips-linux-x64@1.0.4", "", { "os": "linux", "cpu": "x64" }, "sha512-MmWmQ3iPFZr0Iev+BAgVMb3ZyC4KeFc3jFxnNbEPas60e1cIfevbtuyf9nDGIzOaW9PdnDciJm+wFFaTlj5xYw=="],

    "@img/sharp-libvips-linuxmusl-arm64": ["@img/sharp-libvips-linuxmusl-arm64@1.0.4", "", { "os": "linux", "cpu": "arm64" }, "sha512-9Ti+BbTYDcsbp4wfYib8Ctm1ilkugkA/uscUn6UXK1ldpC1JjiXbLfFZtRlBhjPZ5o1NCLiDbg8fhUPKStHoTA=="],

    "@img/sharp-libvips-linuxmusl-x64": ["@img/sharp-libvips-linuxmusl-x64@1.0.4", "", { "os": "linux", "cpu": "x64" }, "sha512-viYN1KX9m+/hGkJtvYYp+CCLgnJXwiQB39damAO7WMdKWlIhmYTfHjwSbQeUK/20vY154mwezd9HflVFM1wVSw=="],

    "@img/sharp-linux-arm": ["@img/sharp-linux-arm@0.33.5", "", { "optionalDependencies": { "@img/sharp-libvips-linux-arm": "1.0.5" }, "os": "linux", "cpu": "arm" }, "sha512-JTS1eldqZbJxjvKaAkxhZmBqPRGmxgu+qFKSInv8moZ2AmT5Yib3EQ1c6gp493HvrvV8QgdOXdyaIBrhvFhBMQ=="],

    "@img/sharp-linux-arm64": ["@img/sharp-linux-arm64@0.33.5", "", { "optionalDependencies": { "@img/sharp-libvips-linux-arm64": "1.0.4" }, "os": "linux", "cpu": "arm64" }, "sha512-JMVv+AMRyGOHtO1RFBiJy/MBsgz0x4AWrT6QoEVVTyh1E39TrCUpTRI7mx9VksGX4awWASxqCYLCV4wBZHAYxA=="],

    "@img/sharp-linux-s390x": ["@img/sharp-linux-s390x@0.33.5", "", { "optionalDependencies": { "@img/sharp-libvips-linux-s390x": "1.0.4" }, "os": "linux", "cpu": "s390x" }, "sha512-y/5PCd+mP4CA/sPDKl2961b+C9d+vPAveS33s6Z3zfASk2j5upL6fXVPZi7ztePZ5CuH+1kW8JtvxgbuXHRa4Q=="],

    "@img/sharp-linux-x64": ["@img/sharp-linux-x64@0.33.5", "", { "optionalDependencies": { "@img/sharp-libvips-linux-x64": "1.0.4" }, "os": "linux", "cpu": "x64" }, "sha512-opC+Ok5pRNAzuvq1AG0ar+1owsu842/Ab+4qvU879ippJBHvyY5n2mxF1izXqkPYlGuP/M556uh53jRLJmzTWA=="],

    "@img/sharp-linuxmusl-arm64": ["@img/sharp-linuxmusl-arm64@0.33.5", "", { "optionalDependencies": { "@img/sharp-libvips-linuxmusl-arm64": "1.0.4" }, "os": "linux", "cpu": "arm64" }, "sha512-XrHMZwGQGvJg2V/oRSUfSAfjfPxO+4DkiRh6p2AFjLQztWUuY/o8Mq0eMQVIY7HJ1CDQUJlxGGZRw1a5bqmd1g=="],

    "@img/sharp-linuxmusl-x64": ["@img/sharp-linuxmusl-x64@0.33.5", "", { "optionalDependencies": { "@img/sharp-libvips-linuxmusl-x64": "1.0.4" }, "os": "linux", "cpu": "x64" }, "sha512-WT+d/cgqKkkKySYmqoZ8y3pxx7lx9vVejxW/W4DOFMYVSkErR+w7mf2u8m/y4+xHe7yY9DAXQMWQhpnMuFfScw=="],

    "@img/sharp-wasm32": ["@img/sharp-wasm32@0.33.5", "", { "dependencies": { "@emnapi/runtime": "^1.2.0" }, "cpu": "none" }, "sha512-ykUW4LVGaMcU9lu9thv85CbRMAwfeadCJHRsg2GmeRa/cJxsVY9Rbd57JcMxBkKHag5U/x7TSBpScF4U8ElVzg=="],

    "@img/sharp-win32-ia32": ["@img/sharp-win32-ia32@0.33.5", "", { "os": "win32", "cpu": "ia32" }, "sha512-T36PblLaTwuVJ/zw/LaH0PdZkRz5rd3SmMHX8GSmR7vtNSP5Z6bQkExdSK7xGWyxLw4sUknBuugTelgw2faBbQ=="],

    "@img/sharp-win32-x64": ["@img/sharp-win32-x64@0.33.5", "", { "os": "win32", "cpu": "x64" }, "sha512-MpY/o8/8kj+EcnxwvrP4aTJSWw/aZ7JIGR4aBeZkZw5B7/Jn+tY9/VNwtcoGmdT7GfggGIU4kygOMSbYnOrAbg=="],

    "@next/env": ["@next/env@15.1.0", "", {}, "sha512-UcCO481cROsqJuszPPXJnb7GGuLq617ve4xuAyyNG4VSSocJNtMU5Fsx+Lp6mlN8c7W58aZLc5y6D/2xNmaK+w=="],

    "@next/swc-darwin-arm64": ["@next/swc-darwin-arm64@15.1.0", "", { "os": "darwin", "cpu": "arm64" }, "sha512-ZU8d7xxpX14uIaFC3nsr4L++5ZS/AkWDm1PzPO6gD9xWhFkOj2hzSbSIxoncsnlJXB1CbLOfGVN4Zk9tg83PUw=="],

    "@next/swc-darwin-x64": ["@next/swc-darwin-x64@15.1.0", "", { "os": "darwin", "cpu": "x64" }, "sha512-DQ3RiUoW2XC9FcSM4ffpfndq1EsLV0fj0/UY33i7eklW5akPUCo6OX2qkcLXZ3jyPdo4sf2flwAED3AAq3Om2Q=="],

    "@next/swc-linux-arm64-gnu": ["@next/swc-linux-arm64-gnu@15.1.0", "", { "os": "linux", "cpu": "arm64" }, "sha512-M+vhTovRS2F//LMx9KtxbkWk627l5Q7AqXWWWrfIzNIaUFiz2/NkOFkxCFyNyGACi5YbA8aekzCLtbDyfF/v5Q=="],

    "@next/swc-linux-arm64-musl": ["@next/swc-linux-arm64-musl@15.1.0", "", { "os": "linux", "cpu": "arm64" }, "sha512-Qn6vOuwaTCx3pNwygpSGtdIu0TfS1KiaYLYXLH5zq1scoTXdwYfdZtwvJTpB1WrLgiQE2Ne2kt8MZok3HlFqmg=="],

    "@next/swc-linux-x64-gnu": ["@next/swc-linux-x64-gnu@15.1.0", "", { "os": "linux", "cpu": "x64" }, "sha512-yeNh9ofMqzOZ5yTOk+2rwncBzucc6a1lyqtg8xZv0rH5znyjxHOWsoUtSq4cUTeeBIiXXX51QOOe+VoCjdXJRw=="],

    "@next/swc-linux-x64-musl": ["@next/swc-linux-x64-musl@15.1.0", "", { "os": "linux", "cpu": "x64" }, "sha512-t9IfNkHQs/uKgPoyEtU912MG6a1j7Had37cSUyLTKx9MnUpjj+ZDKw9OyqTI9OwIIv0wmkr1pkZy+3T5pxhJPg=="],

    "@next/swc-win32-arm64-msvc": ["@next/swc-win32-arm64-msvc@15.1.0", "", { "os": "win32", "cpu": "arm64" }, "sha512-WEAoHyG14t5sTavZa1c6BnOIEukll9iqFRTavqRVPfYmfegOAd5MaZfXgOGG6kGo1RduyGdTHD4+YZQSdsNZXg=="],

    "@next/swc-win32-x64-msvc": ["@next/swc-win32-x64-msvc@15.1.0", "", { "os": "win32", "cpu": "x64" }, "sha512-J1YdKuJv9xcixzXR24Dv+4SaDKc2jj31IVUEMdO5xJivMTXuE6MAdIi4qPjSymHuFG8O5wbfWKnhJUcHHpj5CA=="],

    "@supabase/auth-js": ["@supabase/auth-js@2.101.1", "", { "dependencies": { "tslib": "2.8.1" } }, "sha512-Kd0Wey+RkFHgyVep7adS6UOE2pN6MJ3mZ32PAXSvfw6IjUkFRC7IQpdZZjUOcUe5pXr1ejufCRgF6lsGINe4Tw=="],

    "@supabase/functions-js": ["@supabase/functions-js@2.101.1", "", { "dependencies": { "tslib": "2.8.1" } }, "sha512-OZWU7YtaG+NNNFZK8p/FuJ6gpq7pFyrG2fLOopP73HAIDHDGpOttPJapvO8ADu3RkqfQfkwrB354vPkSBbZ20A=="],

    "@supabase/phoenix": ["@supabase/phoenix@0.4.0", "", {}, "sha512-RHSx8bHS02xwfHdAbX5Lpbo6PXbgyf7lTaXTlwtFDPwOIw64NnVRwFAXGojHhjtVYI+PEPNSWwkL90f4agN3bw=="],

    "@supabase/postgrest-js": ["@supabase/postgrest-js@2.101.1", "", { "dependencies": { "tslib": "2.8.1" } }, "sha512-UW1RajH5jbZoK+ldAJ1I6VZ+HWwZ2oaKjEQ6Gn+AQ67CHQVxGl8wNQoLYyumbyaExm41I+wn7arulcY1eHeZJw=="],

    "@supabase/realtime-js": ["@supabase/realtime-js@2.101.1", "", { "dependencies": { "@supabase/phoenix": "^0.4.0", "@types/ws": "^8.18.1", "tslib": "2.8.1", "ws": "^8.18.2" } }, "sha512-Oa6dno0OB9I+hv5do5zsZHbFu41ViZnE9IWjmkeeF/8fPmB5fWoHGqeTYEC3/0DAgtpUoFJa4FpvzFH0SBHo1Q=="],

    "@supabase/storage-js": ["@supabase/storage-js@2.101.1", "", { "dependencies": { "iceberg-js": "^0.8.1", "tslib": "2.8.1" } }, "sha512-WhTaUOBgeEvnKLy95Cdlp6+D5igSF/65yC727w1olxbet5nzUvMlajKUWyzNtQu2efrz2cQ7FcdVBdQqgT9YKQ=="],

    "@supabase/supabase-js": ["@supabase/supabase-js@2.101.1", "", { "dependencies": { "@supabase/auth-js": "2.101.1", "@supabase/functions-js": "2.101.1", "@supabase/postgrest-js": "2.101.1", "@supabase/realtime-js": "2.101.1", "@supabase/storage-js": "2.101.1" } }, "sha512-Jnhm3LfuACwjIzvk2pfUbGQn7pa7hi6MFzfSyPrRYWVCCu69RPLCFyHSBl7HSBwadbQ3UZOznnD3gPca3ePrRA=="],

    "@swc/counter": ["@swc/counter@0.1.3", "", {}, "sha512-e2BR4lsJkkRlKZ/qCHPw9ZaSxc0MVUd7gtbtaB7aMvHeJVYe8sOB8DBZkP2DtISHGSku9sCK6T6cnY0CtXrOCQ=="],

    "@swc/helpers": ["@swc/helpers@0.5.15", "", { "dependencies": { "tslib": "^2.8.0" } }, "sha512-JQ5TuMi45Owi4/BIMAJBoSQoOJu12oOk/gADqlcUL9JEdHB8vyjUSsxqeNXnmXHjYKMi2WcYtezGEEhqUI/E2g=="],

    "@types/bun": ["@types/bun@1.3.11", "", { "dependencies": { "bun-types": "1.3.11" } }, "sha512-5vPne5QvtpjGpsGYXiFyycfpDF2ECyPcTSsFBMa0fraoxiQyMJ3SmuQIGhzPg2WJuWxVBoxWJ2kClYTcw/4fAg=="],

    "@types/node": ["@types/node@22.19.17", "", { "dependencies": { "undici-types": "~6.21.0" } }, "sha512-wGdMcf+vPYM6jikpS/qhg6WiqSV/OhG+jeeHT/KlVqxYfD40iYJf9/AE1uQxVWFvU7MipKRkRv8NSHiCGgPr8Q=="],

    "@types/react": ["@types/react@19.2.14", "", { "dependencies": { "csstype": "^3.2.2" } }, "sha512-ilcTH/UniCkMdtexkoCN0bI7pMcJDvmQFPvuPvmEaYA/NSfFTAgdUSLAoVjaRJm7+6PvcM+q1zYOwS4wTYMF9w=="],

    "@types/react-dom": ["@types/react-dom@19.2.3", "", { "peerDependencies": { "@types/react": "^19.2.0" } }, "sha512-jp2L/eY6fn+KgVVQAOqYItbF0VY/YApe5Mz2F0aykSO8gx31bYCZyvSeYxCHKvzHG5eZjc+zyaS5BrBWya2+kQ=="],

    "@types/ws": ["@types/ws@8.18.1", "", { "dependencies": { "@types/node": "*" } }, "sha512-ThVF6DCVhA8kUGy+aazFQ4kXQ7E1Ty7A3ypFOe0IcJV8O/M511G99AW24irKrW56Wt44yG9+ij8FaqoBGkuBXg=="],

    "bun-types": ["bun-types@1.3.11", "", { "dependencies": { "@types/node": "*" } }, "sha512-1KGPpoxQWl9f6wcZh57LvrPIInQMn2TQ7jsgxqpRzg+l0QPOFvJVH7HmvHo/AiPgwXy+/Thf6Ov3EdVn1vOabg=="],

    "busboy": ["busboy@1.6.0", "", { "dependencies": { "streamsearch": "^1.1.0" } }, "sha512-8SFQbg/0hQ9xy3UNTB0YEnsNBbWfhf7RtnzpL7TkBiTBRfrQ9Fxcnz7VJsleJpyp6rVLvXiuORqjlHi5q+PYuA=="],

    "caniuse-lite": ["caniuse-lite@1.0.30001784", "", {}, "sha512-WU346nBTklUV9YfUl60fqRbU5ZqyXlqvo1SgigE1OAXK5bFL8LL9q1K7aap3N739l4BvNqnkm3YrGHiY9sfUQw=="],

    "client-only": ["client-only@0.0.1", "", {}, "sha512-IV3Ou0jSMzZrd3pZ48nLkT9DA7Ag1pnPzaiQhpW7c3RbcqqzvzzVu+L8gfqMp/8IM2MQtSiqaCxrrcfu8I8rMA=="],

    "color": ["color@4.2.3", "", { "dependencies": { "color-convert": "^2.0.1", "color-string": "^1.9.0" } }, "sha512-1rXeuUUiGGrykh+CeBdu5Ie7OJwinCgQY0bc7GCRxy5xVHy+moaqkpL/jqQq0MtQOeYcrqEz4abc5f0KtU7W4A=="],

    "color-convert": ["color-convert@2.0.1", "", { "dependencies": { "color-name": "~1.1.4" } }, "sha512-RRECPsj7iu/xb5oKYcsFHSppFNnsj/52OVTRKb4zP5onXwVF3zVmmToNcOfGC+CRDpfK/U584fMg38ZHCaElKQ=="],

    "color-name": ["color-name@1.1.4", "", {}, "sha512-dOy+3AuW3a2wNbZHIuMZpTcgjGuLU/uBL/ubcZF9OXbDo8ff4O8yVp5Bf0efS8uEoYo5q4Fx7dY9OgQGXgAsQA=="],

    "color-string": ["color-string@1.9.1", "", { "dependencies": { "color-name": "^1.0.0", "simple-swizzle": "^0.2.2" } }, "sha512-shrVawQFojnZv6xM40anx4CkoDP+fZsw/ZerEMsW/pyzsRbElpsL/DBVW7q3ExxwusdNXI3lXpuhEZkzs8p5Eg=="],

    "csstype": ["csstype@3.2.3", "", {}, "sha512-z1HGKcYy2xA8AGQfwrn0PAy+PB7X/GSj3UVJW9qKyn43xWa+gl5nXmU4qqLMRzWVLFC8KusUX8T/0kCiOYpAIQ=="],

    "detect-libc": ["detect-libc@2.1.2", "", {}, "sha512-Btj2BOOO83o3WyH59e8MgXsxEQVcarkUOpEYrubB0urwnN10yQ364rsiByU11nZlqWYZm05i/of7io4mzihBtQ=="],

    "iceberg-js": ["iceberg-js@0.8.1", "", {}, "sha512-1dhVQZXhcHje7798IVM+xoo/1ZdVfzOMIc8/rgVSijRK38EDqOJoGula9N/8ZI5RD8QTxNQtK/Gozpr+qUqRRA=="],

    "is-arrayish": ["is-arrayish@0.3.4", "", {}, "sha512-m6UrgzFVUYawGBh1dUsWR5M2Clqic9RVXC/9f8ceNlv2IcO9j9J/z8UoCLPqtsPBFNzEpfR3xftohbfqDx8EQA=="],

    "nanoid": ["nanoid@3.3.11", "", { "bin": { "nanoid": "bin/nanoid.cjs" } }, "sha512-N8SpfPUnUp1bK+PMYW8qSWdl9U+wwNWI4QKxOYDy9JAro3WMX7p2OeVRF9v+347pnakNevPmiHhNmZ2HbFA76w=="],

    "next": ["next@15.1.0", "", { "dependencies": { "@next/env": "15.1.0", "@swc/counter": "0.1.3", "@swc/helpers": "0.5.15", "busboy": "1.6.0", "caniuse-lite": "^1.0.30001579", "postcss": "8.4.31", "styled-jsx": "5.1.6" }, "optionalDependencies": { "@next/swc-darwin-arm64": "15.1.0", "@next/swc-darwin-x64": "15.1.0", "@next/swc-linux-arm64-gnu": "15.1.0", "@next/swc-linux-arm64-musl": "15.1.0", "@next/swc-linux-x64-gnu": "15.1.0", "@next/swc-linux-x64-musl": "15.1.0", "@next/swc-win32-arm64-msvc": "15.1.0", "@next/swc-win32-x64-msvc": "15.1.0", "sharp": "^0.33.5" }, "peerDependencies": { "@opentelemetry/api": "^1.1.0", "@playwright/test": "^1.41.2", "babel-plugin-react-compiler": "*", "react": "^18.2.0 || 19.0.0-rc-de68d2f4-20241204 || ^19.0.0", "react-dom": "^18.2.0 || 19.0.0-rc-de68d2f4-20241204 || ^19.0.0", "sass": "^1.3.0" }, "optionalPeers": ["@opentelemetry/api", "@playwright/test", "babel-plugin-react-compiler", "sass"], "bin": { "next": "dist/bin/next" } }, "sha512-QKhzt6Y8rgLNlj30izdMbxAwjHMFANnLwDwZ+WQh5sMhyt4lEBqDK9QpvWHtIM4rINKPoJ8aiRZKg5ULSybVHw=="],

    "picocolors": ["picocolors@1.1.1", "", {}, "sha512-xceH2snhtb5M9liqDsmEw56le376mTZkEX/jEb/RxNFyegNul7eNslCXP9FDj/Lcu0X8KEyMceP2ntpaHrDEVA=="],

    "postcss": ["postcss@8.4.31", "", { "dependencies": { "nanoid": "^3.3.6", "picocolors": "^1.0.0", "source-map-js": "^1.0.2" } }, "sha512-PS08Iboia9mts/2ygV3eLpY5ghnUcfLV/EXTOW1E2qYxJKGGBUtNjN76FYHnMs36RmARn41bC0AZmn+rR0OVpQ=="],

    "react": ["react@19.2.4", "", {}, "sha512-9nfp2hYpCwOjAN+8TZFGhtWEwgvWHXqESH8qT89AT/lWklpLON22Lc8pEtnpsZz7VmawabSU0gCjnj8aC0euHQ=="],

    "react-dom": ["react-dom@19.2.4", "", { "dependencies": { "scheduler": "^0.27.0" }, "peerDependencies": { "react": "^19.2.4" } }, "sha512-AXJdLo8kgMbimY95O2aKQqsz2iWi9jMgKJhRBAxECE4IFxfcazB2LmzloIoibJI3C12IlY20+KFaLv+71bUJeQ=="],

    "scheduler": ["scheduler@0.27.0", "", {}, "sha512-eNv+WrVbKu1f3vbYJT/xtiF5syA5HPIMtf9IgY/nKg0sWqzAUEvqY/xm7OcZc/qafLx/iO9FgOmeSAp4v5ti/Q=="],

    "semver": ["semver@7.7.4", "", { "bin": { "semver": "bin/semver.js" } }, "sha512-vFKC2IEtQnVhpT78h1Yp8wzwrf8CM+MzKMHGJZfBtzhZNycRFnXsHk6E5TxIkkMsgNS7mdX3AGB7x2QM2di4lA=="],

    "sharp": ["sharp@0.33.5", "", { "dependencies": { "color": "^4.2.3", "detect-libc": "^2.0.3", "semver": "^7.6.3" }, "optionalDependencies": { "@img/sharp-darwin-arm64": "0.33.5", "@img/sharp-darwin-x64": "0.33.5", "@img/sharp-libvips-darwin-arm64": "1.0.4", "@img/sharp-libvips-darwin-x64": "1.0.4", "@img/sharp-libvips-linux-arm": "1.0.5", "@img/sharp-libvips-linux-arm64": "1.0.4", "@img/sharp-libvips-linux-s390x": "1.0.4", "@img/sharp-libvips-linux-x64": "1.0.4", "@img/sharp-libvips-linuxmusl-arm64": "1.0.4", "@img/sharp-libvips-linuxmusl-x64": "1.0.4", "@img/sharp-linux-arm": "0.33.5", "@img/sharp-linux-arm64": "0.33.5", "@img/sharp-linux-s390x": "0.33.5", "@img/sharp-linux-x64": "0.33.5", "@img/sharp-linuxmusl-arm64": "0.33.5", "@img/sharp-linuxmusl-x64": "0.33.5", "@img/sharp-wasm32": "0.33.5", "@img/sharp-win32-ia32": "0.33.5", "@img/sharp-win32-x64": "0.33.5" } }, "sha512-haPVm1EkS9pgvHrQ/F3Xy+hgcuMV0Wm9vfIBSiwZ05k+xgb0PkBQpGsAA/oWdDobNaZTH5ppvHtzCFbnSEwHVw=="],

    "simple-swizzle": ["simple-swizzle@0.2.4", "", { "dependencies": { "is-arrayish": "^0.3.1" } }, "sha512-nAu1WFPQSMNr2Zn9PGSZK9AGn4t/y97lEm+MXTtUDwfP0ksAIX4nO+6ruD9Jwut4C49SB1Ws+fbXsm/yScWOHw=="],

    "source-map-js": ["source-map-js@1.2.1", "", {}, "sha512-UXWMKhLOwVKb728IUtQPXxfYU+usdybtUrK/8uGE8CQMvrhOpwvzDBwj0QhSL7MQc7vIsISBG8VQ8+IDQxpfQA=="],

    "streamsearch": ["streamsearch@1.1.0", "", {}, "sha512-Mcc5wHehp9aXz1ax6bZUyY5afg9u2rv5cqQI3mRrYkGC8rW2hM02jWuwjtL++LS5qinSyhj2QfLyNsuc+VsExg=="],

    "styled-jsx": ["styled-jsx@5.1.6", "", { "dependencies": { "client-only": "0.0.1" }, "peerDependencies": { "react": ">= 16.8.0 || 17.x.x || ^18.0.0-0 || ^19.0.0-0" } }, "sha512-qSVyDTeMotdvQYoHWLNGwRFJHC+i+ZvdBRYosOFgC+Wg1vx4frN2/RG/NA7SYqqvKNLf39P2LSRA2pu6n0XYZA=="],

    "tslib": ["tslib@2.8.1", "", {}, "sha512-oJFu94HQb+KVduSUQL7wnpmqnfmLsOA/nAh6b6EH0wCEoK0/mPeXU6c3wKDV83MkOuHPRHtSXKKU99IBazS/2w=="],

    "typescript": ["typescript@6.0.2", "", { "bin": { "tsc": "bin/tsc", "tsserver": "bin/tsserver" } }, "sha512-bGdAIrZ0wiGDo5l8c++HWtbaNCWTS4UTv7RaTH/ThVIgjkveJt83m74bBHMJkuCbslY8ixgLBVZJIOiQlQTjfQ=="],

    "undici-types": ["undici-types@6.21.0", "", {}, "sha512-iwDZqg0QAGrg9Rav5H4n0M64c3mkR59cJ6wQp+7C4nI0gsmExaedaYLNO44eT4AtBBwjbTiGPMlt2Md0T9H9JQ=="],

    "uuid": ["uuid@13.0.0", "", { "bin": { "uuid": "dist-node/bin/uuid" } }, "sha512-XQegIaBTVUjSHliKqcnFqYypAd4S+WCYt5NIeRs6w/UAry7z8Y9j5ZwRRL4kzq9U3sD6v+85er9FvkEaBpji2w=="],

    "ws": ["ws@8.20.0", "", { "peerDependencies": { "bufferutil": "^4.0.1", "utf-8-validate": ">=5.0.2" }, "optionalPeers": ["bufferutil", "utf-8-validate"] }, "sha512-sAt8BhgNbzCtgGbt2OxmpuryO63ZoDk/sqaB/znQm94T4fCEsy/yV+7CdC1kJhOU9lboAEU7R3kquuycDoibVA=="],

    "@types/ws/@types/node": ["@types/node@25.5.2", "", { "dependencies": { "undici-types": "~7.18.0" } }, "sha512-tO4ZIRKNC+MDWV4qKVZe3Ql/woTnmHDr5JD8UI5hn2pwBrHEwOEMZK7WlNb5RKB6EoJ02gwmQS9OrjuFnZYdpg=="],

    "bun-types/@types/node": ["@types/node@25.5.2", "", { "dependencies": { "undici-types": "~7.18.0" } }, "sha512-tO4ZIRKNC+MDWV4qKVZe3Ql/woTnmHDr5JD8UI5hn2pwBrHEwOEMZK7WlNb5RKB6EoJ02gwmQS9OrjuFnZYdpg=="],

    "@types/ws/@types/node/undici-types": ["undici-types@7.18.2", "", {}, "sha512-AsuCzffGHJybSaRrmr5eHr81mwJU3kjw6M+uprWvCXiNeN9SOGwQ3Jn8jb8m3Z6izVgknn1R0FTCEAP2QrLY/w=="],

    "bun-types/@types/node/undici-types": ["undici-types@7.18.2", "", {}, "sha512-AsuCzffGHJybSaRrmr5eHr81mwJU3kjw6M+uprWvCXiNeN9SOGwQ3Jn8jb8m3Z6izVgknn1R0FTCEAP2QrLY/w=="],
  }
}
